// !$*UTF8*$!
{
	archiveVersion = 1;
	classes = {
	};
	objectVersion = 50;
	objects = {

/* Begin PBXBuildFile section */
		50A55291225CB477008B9BDF /* AddTaskDelegate.swift in Sources */ = {isa = PBXBuildFile; fileRef = 50A55290225CB477008B9BDF /* AddTaskDelegate.swift */; };
		50E2FB82225B417D00E8055F /* AppDelegate.swift in Sources */ = {isa = PBXBuildFile; fileRef = 50E2FB81225B417D00E8055F /* AppDelegate.swift */; };
		50E2FB84225B417D00E8055F /* ViewController.swift in Sources */ = {isa = PBXBuildFile; fileRef = 50E2FB83225B417D00E8055F /* ViewController.swift */; };
		50E2FB87225B417D00E8055F /* Main.storyboard in Resources */ = {isa = PBXBuildFile; fileRef = 50E2FB85225B417D00E8055F /* Main.storyboard */; };
		50E2FB8A225B417D00E8055F /* assignment2.xcdatamodeld in Sources */ = {isa = PBXBuildFile; fileRef = 50E2FB88225B417D00E8055F /* assignment2.xcdatamodeld */; };
		50E2FB8C225B418000E8055F /* Assets.xcassets in Resources */ = {isa = PBXBuildFile; fileRef = 50E2FB8B225B418000E8055F /* Assets.xcassets */; };
		50E2FB8F225B418000E8055F /* LaunchScreen.storyboard in Resources */ = {isa = PBXBuildFile; fileRef = 50E2FB8D225B418000E8055F /* LaunchScreen.storyboard */; };
		50E2FB97225B42E800E8055F /* Task.swift in Sources */ = {isa = PBXBuildFile; fileRef = 50E2FB96225B42E800E8055F /* Task.swift */; };
		50ED0BAA225B8DA200224E92 /* TaskViewController.swift in Sources */ = {isa = PBXBuildFile; fileRef = 50ED0BA9225B8DA200224E92 /* TaskViewController.swift */; };
		50EDA29E225E044200AF2532 /* TaskTableViewCell.swift in Sources */ = {isa = PBXBuildFile; fileRef = 50EDA29D225E044200AF2532 /* TaskTableViewCell.swift */; };
		50EDA2A0225E05D400AF2532 /* CompletedTableViewCell.swift in Sources */ = {isa = PBXBuildFile; fileRef = 50EDA29F225E05D400AF2532 /* CompletedTableViewCell.swift */; };
		50F06A1B225DBABB008094FB /* MainViewController.swift in Sources */ = {isa = PBXBuildFile; fileRef = 50F06A1A225DBABB008094FB /* MainViewController.swift */; };
		50F06A1F225DBAE3008094FB /* CompletedTaskViewController.swift in Sources */ = {isa = PBXBuildFile; fileRef = 50F06A1E225DBAE3008094FB /* CompletedTaskViewController.swift */; };
		50F06A21225DBE61008094FB /* TaskListTableViewController.swift in Sources */ = {isa = PBXBuildFile; fileRef = 50F06A20225DBE61008094FB /* TaskListTableViewController.swift */; };
		50F06A23225DBEF2008094FB /* TaskDetailViewController.swift in Sources */ = {isa = PBXBuildFile; fileRef = 50F06A22225DBEF2008094FB /* TaskDetailViewController.swift */; };
/* End PBXBuildFile section */

/* Begin PBXFileReference section */
		50A55290225CB477008B9BDF /* AddTaskDelegate.swift */ = {isa = PBXFileReference; lastKnownFileType = sourcecode.swift; path = AddTaskDelegate.swift; sourceTree = "<group>"; };
		50E2FB7E225B417D00E8055F /* assignment2.app */ = {isa = PBXFileReference; explicitFileType = wrapper.application; includeInIndex = 0; path = assignment2.app; sourceTree = BUILT_PRODUCTS_DIR; };
		50E2FB81225B417D00E8055F /* AppDelegate.swift */ = {isa = PBXFileReference; lastKnownFileType = sourcecode.swift; path = AppDelegate.swift; sourceTree = "<group>"; };
		50E2FB83225B417D00E8055F /* ViewController.swift */ = {isa = PBXFileReference; lastKnownFileType = sourcecode.swift; path = ViewController.swift; sourceTree = "<group>"; };
		50E2FB86225B417D00E8055F /* Base */ = {isa = PBXFileReference; lastKnownFileType = file.storyboard; name = Base; path = Base.lproj/Main.storyboard; sourceTree = "<group>"; };
		50E2FB89225B417D00E8055F /* assignment2.xcdatamodel */ = {isa = PBXFileReference; lastKnownFileType = wrapper.xcdatamodel; path = assignment2.xcdatamodel; sourceTree = "<group>"; };
		50E2FB8B225B418000E8055F /* Assets.xcassets */ = {isa = PBXFileReference; lastKnownFileType = folder.assetcatalog; path = Assets.xcassets; sourceTree = "<group>"; };
		50E2FB8E225B418000E8055F /* Base */ = {isa = PBXFileReference; lastKnownFileType = file.storyboard; name = Base; path = Base.lproj/LaunchScreen.storyboard; sourceTree = "<group>"; };
		50E2FB90225B418000E8055F /* Info.plist */ = {isa = PBXFileReference; lastKnownFileType = text.plist.xml; path = Info.plist; sourceTree = "<group>"; };
		50E2FB96225B42E800E8055F /* Task.swift */ = {isa = PBXFileReference; lastKnownFileType = sourcecode.swift; path = Task.swift; sourceTree = "<group>"; };
		50ED0BA9225B8DA200224E92 /* TaskViewController.swift */ = {isa = PBXFileReference; lastKnownFileType = sourcecode.swift; path = TaskViewController.swift; sourceTree = "<group>"; };
		50EDA29D225E044200AF2532 /* TaskTableViewCell.swift */ = {isa = PBXFileReference; lastKnownFileType = sourcecode.swift; path = TaskTableViewCell.swift; sourceTree = "<group>"; };
		50EDA29F225E05D400AF2532 /* CompletedTableViewCell.swift */ = {isa = PBXFileReference; lastKnownFileType = sourcecode.swift; path = CompletedTableViewCell.swift; sourceTree = "<group>"; };
		50F06A1A225DBABB008094FB /* MainViewController.swift */ = {isa = PBXFileReference; lastKnownFileType = sourcecode.swift; path = MainViewController.swift; sourceTree = "<group>"; };
		50F06A1E225DBAE3008094FB /* CompletedTaskViewController.swift */ = {isa = PBXFileReference; lastKnownFileType = sourcecode.swift; path = CompletedTaskViewController.swift; sourceTree = "<group>"; };
		50F06A20225DBE61008094FB /* TaskListTableViewController.swift */ = {isa = PBXFileReference; lastKnownFileType = sourcecode.swift; path = TaskListTableViewController.swift; sourceTree = "<group>"; };
		50F06A22225DBEF2008094FB /* TaskDetailViewController.swift */ = {isa = PBXFileReference; lastKnownFileType = sourcecode.swift; path = TaskDetailViewController.swift; sourceTree = "<group>"; };
/* End PBXFileReference section */

/* Begin PBXFrameworksBuildPhase section */
		50E2FB7B225B417D00E8055F /* Frameworks */ = {
			isa = PBXFrameworksBuildPhase;
			buildActionMask = 2147483647;
			files = (
			);
			runOnlyForDeploymentPostprocessing = 0;
		};
/* End PBXFrameworksBuildPhase section */

/* Begin PBXGroup section */
		50E2FB75225B417D00E8055F = {
			isa = PBXGroup;
			children = (
				50E2FB80225B417D00E8055F /* assignment2 */,
				50E2FB7F225B417D00E8055F /* Products */,
			);
			sourceTree = "<group>";
		};
		50E2FB7F225B417D00E8055F /* Products */ = {
			isa = PBXGroup;
			children = (
				50E2FB7E225B417D00E8055F /* assignment2.app */,
			);
			name = Products;
			sourceTree = "<group>";
		};
		50E2FB80225B417D00E8055F /* assignment2 */ = {
			isa = PBXGroup;
			children = (
				50F06A1E225DBAE3008094FB /* CompletedTaskViewController.swift */,
				50E2FB81225B417D00E8055F /* AppDelegate.swift */,
				50E2FB83225B417D00E8055F /* ViewController.swift */,
				50A55290225CB477008B9BDF /* AddTaskDelegate.swift */,
				50EDA29F225E05D400AF2532 /* CompletedTableViewCell.swift */,
				50F06A22225DBEF2008094FB /* TaskDetailViewController.swift */,
				50E2FB96225B42E800E8055F /* Task.swift */,
				50E2FB85225B417D00E8055F /* Main.storyboard */,
				50ED0BA9225B8DA200224E92 /* TaskViewController.swift */,
				50F06A20225DBE61008094FB /* TaskListTableViewController.swift */,
				50EDA29D225E044200AF2532 /* TaskTableViewCell.swift */,
				50E2FB8B225B418000E8055F /* Assets.xcassets */,
				50E2FB8D225B418000E8055F /* LaunchScreen.storyboard */,
				50E2FB90225B418000E8055F /* Info.plist */,
				50E2FB88225B417D00E8055F /* assignment2.xcdatamodeld */,
				50F06A1A225DBABB008094FB /* MainViewController.swift */,
			);
			path = assignment2;
			sourceTree = "<group>";
		};
/* End PBXGroup section */

/* Begin PBXNativeTarget section */
		50E2FB7D225B417D00E8055F /* assignment2 */ = {
			isa = PBXNativeTarget;
			buildConfigurationList = 50E2FB93225B418000E8055F /* Build configuration list for PBXNativeTarget "assignment2" */;
			buildPhases = (
				50E2FB7A225B417D00E8055F /* Sources */,
				50E2FB7B225B417D00E8055F /* Frameworks */,
				50E2FB7C225B417D00E8055F /* Resources */,
			);
			buildRules = (
			);
			dependencies = (
			);
			name = assignment2;
			productName = assignment2;
			productReference = 50E2FB7E225B417D00E8055F /* assignment2.app */;
			productType = "com.apple.product-type.application";
		};
/* End PBXNativeTarget section */

/* Begin PBXProject section */
		50E2FB76225B417D00E8055F /* Project object */ = {
			isa = PBXProject;
			attributes = {
				LastSwiftUpdateCheck = 1010;
				LastUpgradeCheck = 1010;
				ORGANIZATIONNAME = "Monash University";
				TargetAttributes = {
					50E2FB7D225B417D00E8055F = {
						CreatedOnToolsVersion = 10.1;
					};
				};
			};
			buildConfigurationList = 50E2FB79225B417D00E8055F /* Build configuration list for PBXProject "assignment2" */;
			compatibilityVersion = "Xcode 9.3";
			developmentRegion = en;
			hasScannedForEncodings = 0;
			knownRegions = (
				en,
				Base,
			);
			mainGroup = 50E2FB75225B417D00E8055F;
			productRefGroup = 50E2FB7F225B417D00E8055F /* Products */;
			projectDirPath = "";
			projectRoot = "";
			targets = (
				50E2FB7D225B417D00E8055F /* assignment2 */,
			);
		};
/* End PBXProject section */

/* Begin PBXResourcesBuildPhase section */
		50E2FB7C225B417D00E8055F /* Resources */ = {
			isa = PBXResourcesBuildPhase;
			buildActionMask = 2147483647;
			files = (
				50E2FB8F225B418000E8055F /* LaunchScreen.storyboard in Resources */,
				50E2FB8C225B418000E8055F /* Assets.xcassets in Resources */,
				50E2FB87225B417D00E8055F /* Main.storyboard in Resources */,
			);
			runOnlyForDeploymentPostprocessing = 0;
		};
/* End PBXResourcesBuildPhase section */

/* Begin PBXSourcesBuildPhase section */
		50E2FB7A225B417D00E8055F /* Sources */ = {
			isa = PBXSourcesBuildPhase;
			buildActionMask = 2147483647;
			files = (
				50F06A21225DBE61008094FB /* TaskListTableViewController.swift in Sources */,
				50F06A1B225DBABB008094FB /* MainViewController.swift in Sources */,
				50EDA29E225E044200AF2532 /* TaskTableViewCell.swift in Sources */,
				50E2FB97225B42E800E8055F /* Task.swift in Sources */,
				50A55291225CB477008B9BDF /* AddTaskDelegate.swift in Sources */,
				50F06A23225DBEF2008094FB /* TaskDetailViewController.swift in Sources */,
				50E2FB84225B417D00E8055F /* ViewController.swift in Sources */,
				50EDA2A0225E05D400AF2532 /* CompletedTableViewCell.swift in Sources */,
				50ED0BAA225B8DA200224E92 /* TaskViewController.swift in Sources */,
				50F06A1F225DBAE3008094FB /* CompletedTaskViewController.swift in Sources */,
				50E2FB82225B417D00E8055F /* AppDelegate.swift in Sources */,
				50E2FB8A225B417D00E8055F /* assignment2.xcdatamodeld in Sources */,
			);
			runOnlyForDeploymentPostprocessing = 0;
		};
/* End PBXSourcesBuildPhase section */

/* Begin PBXVariantGroup section */
		50E2FB85225B417D00E8055F /* Main.storyboard */ = {
			isa = PBXVariantGroup;
			children = (
				50E2FB86225B417D00E8055F /* Base */,
			);
			name = Main.storyboard;
			sourceTree = "<group>";
		};
		50E2FB8D225B418000E8055F /* LaunchScreen.storyboard */ = {
			isa = PBXVariantGroup;
			children = (
				50E2FB8E225B418000E8055F /* Base */,
			);
			name = LaunchScreen.storyboard;
			sourceTree = "<group>";
		};
/* End PBXVariantGroup section */

/* Begin XCBuildConfiguration section */
		50E2FB91225B418000E8055F /* Debug */ = {
			isa = XCBuildConfiguration;
			buildSettings = {
				ALWAYS_SEARCH_USER_PATHS = NO;
				CLANG_ANALYZER_NONNULL = YES;
				CLANG_ANALYZER_NUMBER_OBJECT_CONVERSION = YES_AGGRESSIVE;
				CLANG_CXX_LANGUAGE_STANDARD = "gnu++14";
				CLANG_CXX_LIBRARY = "libc++";
				CLANG_ENABLE_MODULES = YES;
				CLANG_ENABLE_OBJC_ARC = YES;
				CLANG_ENABLE_OBJC_WEAK = YES;
				CLANG_WARN_BLOCK_CAPTURE_AUTORELEASING = YES;
				CLANG_WARN_BOOL_CONVERSION = YES;
				CLANG_WARN_COMMA = YES;
				CLANG_WARN_CONSTANT_CONVERSION = YES;
				CLANG_WARN_DEPRECATED_OBJC_IMPLEMENTATIONS = YES;
				CLANG_WARN_DIRECT_OBJC_ISA_USAGE = YES_ERROR;
				CLANG_WARN_DOCUMENTATION_COMMENTS = YES;
				CLANG_WARN_EMPTY_BODY = YES;
				CLANG_WARN_ENUM_CONVERSION = YES;
				CLANG_WARN_INFINITE_RECURSION = YES;
				CLANG_WARN_INT_CONVERSION = YES;
				CLANG_WARN_NON_LITERAL_NULL_CONVERSION = YES;
				CLANG_WARN_OBJC_IMPLICIT_RETAIN_SELF = YES;
				CLANG_WARN_OBJC_LITERAL_CONVERSION = YES;
				CLANG_WARN_OBJC_ROOT_CLASS = YES_ERROR;
				CLANG_WARN_RANGE_LOOP_ANALYSIS = YES;
				CLANG_WARN_STRICT_PROTOTYPES = YES;
				CLANG_WARN_SUSPICIOUS_MOVE = YES;
				CLANG_WARN_UNGUARDED_AVAILABILITY = YES_AGGRESSIVE;
				CLANG_WARN_UNREACHABLE_CODE = YES;
				CLANG_WARN__DUPLICATE_METHOD_MATCH = YES;
				CODE_SIGN_IDENTITY = "iPhone Developer";
				COPY_PHASE_STRIP = NO;
				DEBUG_INFORMATION_FORMAT = dwarf;
				ENABLE_STRICT_OBJC_MSGSEND = YES;
				ENABLE_TESTABILITY = YES;
				GCC_C_LANGUAGE_STANDARD = gnu11;
				GCC_DYNAMIC_NO_PIC = NO;
				GCC_NO_COMMON_BLOCKS = YES;
				GCC_OPTIMIZATION_LEVEL = 0;
				GCC_PREPROCESSOR_DEFINITIONS = (
					"DEBUG=1",
					"$(inherited)",
				);
				GCC_WARN_64_TO_32_BIT_CONVERSION = YES;
				GCC_WARN_ABOUT_RETURN_TYPE = YES_ERROR;
				GCC_WARN_UNDECLARED_SELECTOR = YES;
				GCC_WARN_UNINITIALIZED_AUTOS = YES_AGGRESSIVE;
				GCC_WARN_UNUSED_FUNCTION = YES;
				GCC_WARN_UNUSED_VARIABLE = YES;
				IPHONEOS_DEPLOYMENT_TARGET = 12.1;
				MTL_ENABLE_DEBUG_INFO = INCLUDE_SOURCE;
				MTL_FAST_MATH = YES;
				ONLY_ACTIVE_ARCH = YES;
				SDKROOT = iphoneos;
				SWIFT_ACTIVE_COMPILATION_CONDITIONS = DEBUG;
				SWIFT_OPTIMIZATION_LEVEL = "-Onone";
			};
			name = Debug;
		};
		50E2FB92225B418000E8055F /* Release */ = {
			isa = XCBuildConfiguration;
			buildSettings = {
				ALWAYS_SEARCH_USER_PATHS = NO;
				CLANG_ANALYZER_NONNULL = YES;
				CLANG_ANALYZER_NUMBER_OBJECT_CONVERSION = YES_AGGRESSIVE;
				CLANG_CXX_LANGUAGE_STANDARD = "gnu++14";
				CLANG_CXX_LIBRARY = "libc++";
				CLANG_ENABLE_MODULES = YES;
				CLANG_ENABLE_OBJC_ARC = YES;
				CLANG_ENABLE_OBJC_WEAK = YES;
				CLANG_WARN_BLOCK_CAPTURE_AUTORELEASING = YES;
				CLANG_WARN_BOOL_CONVERSION = YES;
				CLANG_WARN_COMMA = YES;
				CLANG_WARN_CONSTANT_CONVERSION = YES;
				CLANG_WARN_DEPRECATED_OBJC_IMPLEMENTATIONS = YES;
				CLANG_WARN_DIRECT_OBJC_ISA_USAGE = YES_ERROR;
				CLANG_WARN_DOCUMENTATION_COMMENTS = YES;
				CLANG_WARN_EMPTY_BODY = YES;
				CLANG_WARN_ENUM_CONVERSION = YES;
				CLANG_WARN_INFINITE_RECURSION = YES;
				CLANG_WARN_INT_CONVERSION = YES;
				CLANG_WARN_NON_LITERAL_NULL_CONVERSION = YES;
				CLANG_WARN_OBJC_IMPLICIT_RETAIN_SELF = YES;
				CLANG_WARN_OBJC_LITERAL_CONVERSION = YES;
				CLANG_WARN_OBJC_ROOT_CLASS = YES_ERROR;
				CLANG_WARN_RANGE_LOOP_ANALYSIS = YES;
				CLANG_WARN_STRICT_PROTOTYPES = YES;
				CLANG_WARN_SUSPICIOUS_MOVE = YES;
				CLANG_WARN_UNGUARDED_AVAILABILITY = YES_AGGRESSIVE;
				CLANG_WARN_UNREACHABLE_CODE = YES;
				CLANG_WARN__DUPLICATE_METHOD_MATCH = YES;
				CODE_SIGN_IDENTITY = "iPhone Developer";
				COPY_PHASE_STRIP = NO;
				DEBUG_INFORMATION_FORMAT = "dwarf-with-dsym";
				ENABLE_NS_ASSERTIONS = NO;
				ENABLE_STRICT_OBJC_MSGSEND = YES;
				GCC_C_LANGUAGE_STANDARD = gnu11;
				GCC_NO_COMMON_BLOCKS = YES;
				GCC_WARN_64_TO_32_BIT_CONVERSION = YES;
				GCC_WARN_ABOUT_RETURN_TYPE = YES_ERROR;
				GCC_WARN_UNDECLARED_SELECTOR = YES;
				GCC_WARN_UNINITIALIZED_AUTOS = YES_AGGRESSIVE;
				GCC_WARN_UNUSED_FUNCTION = YES;
				GCC_WARN_UNUSED_VARIABLE = YES;
				IPHONEOS_DEPLOYMENT_TARGET = 12.1;
				MTL_ENABLE_DEBUG_INFO = NO;
				MTL_FAST_MATH = YES;
				SDKROOT = iphoneos;
				SWIFT_COMPILATION_MODE = wholemodule;
				SWIFT_OPTIMIZATION_LEVEL = "-O";
				VALIDATE_PRODUCT = YES;
			};
			name = Release;
		};
		50E2FB94225B418000E8055F /* Debug */ = {
			isa = XCBuildConfiguration;
			buildSettings = {
				ASSETCATALOG_COMPILER_APPICON_NAME = AppIcon;
				CODE_SIGN_STYLE = Automatic;
				INFOPLIST_FILE = assignment2/Info.plist;
				LD_RUNPATH_SEARCH_PATHS = (
					"$(inherited)",
					"@executable_path/Frameworks",
				);
				PRODUCT_BUNDLE_IDENTIFIER = Monash.assignment2;
				PRODUCT_NAME = "$(TARGET_NAME)";
				SWIFT_VERSION = 4.2;
				TARGETED_DEVICE_FAMILY = "1,2";
			};
			name = Debug;
		};
		50E2FB95225B418000E8055F /* Release */ = {
			isa = XCBuildConfiguration;
			buildSettings = {
				ASSETCATALOG_COMPILER_APPICON_NAME = AppIcon;
				CODE_SIGN_STYLE = Automatic;
				INFOPLIST_FILE = assignment2/Info.plist;
				LD_RUNPATH_SEARCH_PATHS = (
					"$(inherited)",
					"@executable_path/Frameworks",
				);
				PRODUCT_BUNDLE_IDENTIFIER = Monash.assignment2;
				PRODUCT_NAME = "$(TARGET_NAME)";
				SWIFT_VERSION = 4.2;
				TARGETED_DEVICE_FAMILY = "1,2";
			};
			name = Release;
		};
/* End XCBuildConfiguration section */

/* Begin XCConfigurationList section */
		50E2FB79225B417D00E8055F /* Build configuration list for PBXProject "assignment2" */ = {
			isa = XCConfigurationList;
			buildConfigurations = (
				50E2FB91225B418000E8055F /* Debug */,
				50E2FB92225B418000E8055F /* Release */,
			);
			defaultConfigurationIsVisible = 0;
			defaultConfigurationName = Release;
		};
		50E2FB93225B418000E8055F /* Build configuration list for PBXNativeTarget "assignment2" */ = {
			isa = XCConfigurationList;
			buildConfigurations = (
				50E2FB94225B418000E8055F /* Debug */,
				50E2FB95225B418000E8055F /* Release */,
			);
			defaultConfigurationIsVisible = 0;
			defaultConfigurationName = Release;
		};
/* End XCConfigurationList section */

/* Begin XCVersionGroup section */
		50E2FB88225B417D00E8055F /* assignment2.xcdatamodeld */ = {
			isa = XCVersionGroup;
			children = (
				50E2FB89225B417D00E8055F /* assignment2.xcdatamodel */,
			);
			currentVersion = 50E2FB89225B417D00E8055F /* assignment2.xcdatamodel */;
			path = assignment2.xcdatamodeld;
			sourceTree = "<group>";
			versionGroupType = wrapper.xcdatamodel;
		};
/* End XCVersionGroup section */
	};
	rootObject = 50E2FB76225B417D00E8055F /* Project object */;
}
